
Microsoft Visual Studio Solution File, Format Version 12.00
# Visual Studio Version 17
VisualStudioVersion = 17.0.32112.339
MinimumVisualStudioVersion = 10.0.40219.1
Project("{FAE04EC0-301F-11D3-BF4B-00C04F79EFBC}") = "Szyfr-cezara", "Szyfr-cezara\Szyfr-cezara.csproj", "{A66AE85B-6FE1-4635-86FB-62AE2CD5F042}"
EndProject
Global
	GlobalSection(SolutionConfigurationPlatforms) = preSolution
		Debug|Any CPU = Debug|Any CPU
		Release|Any CPU = Release|Any CPU
	EndGlobalSection
	GlobalSection(ProjectConfigurationPlatforms) = postSolution
		{A66AE85B-6FE1-4635-86FB-62AE2CD5F042}.Debug|Any CPU.ActiveCfg = Debug|Any CPU
		{A66AE85B-6FE1-4635-86FB-62AE2CD5F042}.Debug|Any CPU.Build.0 = Debug|Any CPU
		{A66AE85B-6FE1-4635-86FB-62AE2CD5F042}.Release|Any CPU.ActiveCfg = Release|Any CPU
		{A66AE85B-6FE1-4635-86FB-62AE2CD5F042}.Release|Any CPU.Build.0 = Release|Any CPU
	EndGlobalSection
	GlobalSection(SolutionProperties) = preSolution
		HideSolutionNode = FALSE
	EndGlobalSection
	GlobalSection(ExtensibilityGlobals) = postSolution
		SolutionGuid = {B66E68DB-C33D-496E-AFAD-222BC98C3209}
	EndGlobalSection
EndGlobal
